
Microsoft Visual Studio Solution File, Format Version 12.00
# Visual Studio 2013
VisualStudioVersion = 12.0.40629.0
MinimumVisualStudioVersion = 10.0.40219.1
Project("{8BC9CEB8-8B4A-11D0-8D11-00A0C91BC942}") = "DataStructure", "DataStructure\DataStructure.vcxproj", "{FBF46E4F-FE48-4F85-A5CD-7A6373E96AFD}"
EndProject
Project("{2150E333-8FDC-42A3-9474-1A3956D46DE8}") = "LinearStructure", "LinearStructure", "{D1A4F531-115E-4ED0-9967-058D7EBD2569}"
EndProject
Project("{2150E333-8FDC-42A3-9474-1A3956D46DE8}") = "Sort", "Sort", "{78B38DDA-D82F-42C4-8946-E23330A80E14}"
EndProject
Project("{8BC9CEB8-8B4A-11D0-8D11-00A0C91BC942}") = "ArrayStack", "LinearStructure\ArrayStack\ArrayStack.vcxproj", "{ABC9496A-68CB-44C7-B4FA-99C4E5666D26}"
EndProject
Project("{8BC9CEB8-8B4A-11D0-8D11-00A0C91BC942}") = "LinkedList", "LinearStructure\LinkedList\LinkedList.vcxproj", "{5DD60E72-F88C-4751-87B9-56F269F60D42}"
EndProject
Global
	GlobalSection(SolutionConfigurationPlatforms) = preSolution
		Debug|Win32 = Debug|Win32
		Release|Win32 = Release|Win32
	EndGlobalSection
	GlobalSection(ProjectConfigurationPlatforms) = postSolution
		{FBF46E4F-FE48-4F85-A5CD-7A6373E96AFD}.Debug|Win32.ActiveCfg = Debug|Win32
		{FBF46E4F-FE48-4F85-A5CD-7A6373E96AFD}.Debug|Win32.Build.0 = Debug|Win32
		{FBF46E4F-FE48-4F85-A5CD-7A6373E96AFD}.Release|Win32.ActiveCfg = Release|Win32
		{FBF46E4F-FE48-4F85-A5CD-7A6373E96AFD}.Release|Win32.Build.0 = Release|Win32
		{ABC9496A-68CB-44C7-B4FA-99C4E5666D26}.Debug|Win32.ActiveCfg = Debug|Win32
		{ABC9496A-68CB-44C7-B4FA-99C4E5666D26}.Debug|Win32.Build.0 = Debug|Win32
		{ABC9496A-68CB-44C7-B4FA-99C4E5666D26}.Release|Win32.ActiveCfg = Release|Win32
		{ABC9496A-68CB-44C7-B4FA-99C4E5666D26}.Release|Win32.Build.0 = Release|Win32
		{5DD60E72-F88C-4751-87B9-56F269F60D42}.Debug|Win32.ActiveCfg = Debug|Win32
		{5DD60E72-F88C-4751-87B9-56F269F60D42}.Debug|Win32.Build.0 = Debug|Win32
		{5DD60E72-F88C-4751-87B9-56F269F60D42}.Release|Win32.ActiveCfg = Release|Win32
		{5DD60E72-F88C-4751-87B9-56F269F60D42}.Release|Win32.Build.0 = Release|Win32
	EndGlobalSection
	GlobalSection(SolutionProperties) = preSolution
		HideSolutionNode = FALSE
	EndGlobalSection
	GlobalSection(NestedProjects) = preSolution
		{ABC9496A-68CB-44C7-B4FA-99C4E5666D26} = {D1A4F531-115E-4ED0-9967-058D7EBD2569}
		{5DD60E72-F88C-4751-87B9-56F269F60D42} = {D1A4F531-115E-4ED0-9967-058D7EBD2569}
	EndGlobalSection
EndGlobal
